
Microsoft Visual Studio Solution File, Format Version 12.00
# Visual Studio Version 16
VisualStudioVersion = 16.0.29025.244
MinimumVisualStudioVersion = 10.0.40219.1
Project("{FAE04EC0-301F-11D3-BF4B-00C04F79EFBC}") = "6.5.InterfaceAndPolymorphism", "6.5.InterfaceAndPolymorphism\6.5.InterfaceAndPolymorphism.csproj", "{F5064648-C236-4D27-B894-414B7654BD8C}"
EndProject
Global
	GlobalSection(SolutionConfigurationPlatforms) = preSolution
		Debug|Any CPU = Debug|Any CPU
		Release|Any CPU = Release|Any CPU
	EndGlobalSection
	GlobalSection(ProjectConfigurationPlatforms) = postSolution
		{F5064648-C236-4D27-B894-414B7654BD8C}.Debug|Any CPU.ActiveCfg = Debug|Any CPU
		{F5064648-C236-4D27-B894-414B7654BD8C}.Debug|Any CPU.Build.0 = Debug|Any CPU
		{F5064648-C236-4D27-B894-414B7654BD8C}.Release|Any CPU.ActiveCfg = Release|Any CPU
		{F5064648-C236-4D27-B894-414B7654BD8C}.Release|Any CPU.Build.0 = Release|Any CPU
	EndGlobalSection
	GlobalSection(SolutionProperties) = preSolution
		HideSolutionNode = FALSE
	EndGlobalSection
	GlobalSection(ExtensibilityGlobals) = postSolution
		SolutionGuid = {8AE8FBF1-69F0-4ED6-A426-A0ED3E89548F}
	EndGlobalSection
EndGlobal
